
Microsoft Visual Studio Solution File, Format Version 12.00
# Visual Studio 15
VisualStudioVersion = 15.0.28307.902
MinimumVisualStudioVersion = 10.0.40219.1
Project("{FAE04EC0-301F-11D3-BF4B-00C04F79EFBC}") = "CalculadoraXamarin", "CalculadoraXamarin\CalculadoraXamarin.csproj", "{5388C2A7-5BDE-4057-8C27-4AB5955622B0}"
EndProject
Global
	GlobalSection(SolutionConfigurationPlatforms) = preSolution
		Debug|Any CPU = Debug|Any CPU
		Release|Any CPU = Release|Any CPU
	EndGlobalSection
	GlobalSection(ProjectConfigurationPlatforms) = postSolution
		{5388C2A7-5BDE-4057-8C27-4AB5955622B0}.Debug|Any CPU.ActiveCfg = Debug|Any CPU
		{5388C2A7-5BDE-4057-8C27-4AB5955622B0}.Debug|Any CPU.Build.0 = Debug|Any CPU
		{5388C2A7-5BDE-4057-8C27-4AB5955622B0}.Debug|Any CPU.Deploy.0 = Debug|Any CPU
		{5388C2A7-5BDE-4057-8C27-4AB5955622B0}.Release|Any CPU.ActiveCfg = Release|Any CPU
		{5388C2A7-5BDE-4057-8C27-4AB5955622B0}.Release|Any CPU.Build.0 = Release|Any CPU
		{5388C2A7-5BDE-4057-8C27-4AB5955622B0}.Release|Any CPU.Deploy.0 = Release|Any CPU
	EndGlobalSection
	GlobalSection(SolutionProperties) = preSolution
		HideSolutionNode = FALSE
	EndGlobalSection
	GlobalSection(ExtensibilityGlobals) = postSolution
		SolutionGuid = {C1A2F36A-7C2F-4B98-BD00-EB3A476C80AD}
	EndGlobalSection
EndGlobal
